// !$*UTF8*$!
{
	archiveVersion = 1;
	classes = {
	};
	objectVersion = 50;
	objects = {

/* Begin PBXBuildFile section */
		A517B82223093CC300897145 /* BandcampProvider.cpp in Sources */ = {isa = PBXBuildFile; fileRef = A517B82023093CC300897145 /* BandcampProvider.cpp */; };
		A517B82323093CC300897145 /* BandcampProvider.hpp in Headers */ = {isa = PBXBuildFile; fileRef = A517B82123093CC300897145 /* BandcampProvider.hpp */; };
		A517B82623093E1800897145 /* MediaItem.cpp in Sources */ = {isa = PBXBuildFile; fileRef = A517B82423093E1800897145 /* MediaItem.cpp */; };
		A517B82723093E1800897145 /* MediaItem.hpp in Headers */ = {isa = PBXBuildFile; fileRef = A517B82523093E1800897145 /* MediaItem.hpp */; };
		A5224A362315E8AC0006D213 /* Foundation.framework in Frameworks */ = {isa = PBXBuildFile; fileRef = A5224A352315E8AC0006D213 /* Foundation.framework */; };
		A5224A382315E8B30006D213 /* UIKit.framework in Frameworks */ = {isa = PBXBuildFile; fileRef = A5224A372315E8B30006D213 /* UIKit.framework */; };
		A543260F2317347100C4FDB3 /* Metacall.cpp in Sources */ = {isa = PBXBuildFile; fileRef = A543260D2317347100C4FDB3 /* Metacall.cpp */; };
		A54326102317347100C4FDB3 /* Metacall.hpp in Headers */ = {isa = PBXBuildFile; fileRef = A543260E2317347100C4FDB3 /* Metacall.hpp */; };
		A564DFD7230916AE0018787F /* main.cpp in Sources */ = {isa = PBXBuildFile; fileRef = A564DFD5230916A00018787F /* main.cpp */; };
		A564E015230919820018787F /* MediaProvider.cpp in Sources */ = {isa = PBXBuildFile; fileRef = A564E013230919820018787F /* MediaProvider.cpp */; };
		A564E016230919820018787F /* MediaProvider.hpp in Headers */ = {isa = PBXBuildFile; fileRef = A564E014230919820018787F /* MediaProvider.hpp */; };
		A567C132231798E700BB5398 /* global.json in CopyFiles */ = {isa = PBXBuildFile; fileRef = A567C131231798BE00BB5398 /* global.json */; };
		A567C1552318DAF400BB5398 /* libnode.64.dylib in CopyFiles */ = {isa = PBXBuildFile; fileRef = A567C14E2318D95000BB5398 /* libnode.64.dylib */; };
		A567C174231A332000BB5398 /* libfunchook.dylib in CopyFiles */ = {isa = PBXBuildFile; fileRef = A567C172231A331200BB5398 /* libfunchook.dylib */; };
		A567C175231A332400BB5398 /* libmetacall.dylib in CopyFiles */ = {isa = PBXBuildFile; fileRef = A567C168231A330F00BB5398 /* libmetacall.dylib */; };
		A567C176231A338A00BB5398 /* libfunchook.dylib in Frameworks */ = {isa = PBXBuildFile; fileRef = A567C172231A331200BB5398 /* libfunchook.dylib */; };
		A567C177231A338C00BB5398 /* libmetacall.dylib in Frameworks */ = {isa = PBXBuildFile; fileRef = A567C168231A330F00BB5398 /* libmetacall.dylib */; };
		A567C178231A338F00BB5398 /* libnode.64.dylib in Frameworks */ = {isa = PBXBuildFile; fileRef = A567C14E2318D95000BB5398 /* libnode.64.dylib */; };
		A585E66E2315FC2E00810584 /* libAsyncCpp-iOS.a in Frameworks */ = {isa = PBXBuildFile; fileRef = A521E0292315FBB500390084 /* libAsyncCpp-iOS.a */; };
		A585E66F2315FC2E00810584 /* libDataCpp-iOS.a in Frameworks */ = {isa = PBXBuildFile; fileRef = A585E66D2315FC1E00810584 /* libDataCpp-iOS.a */; };
		A585E6702315FC3E00810584 /* libAsyncCpp-macOS.a in Frameworks */ = {isa = PBXBuildFile; fileRef = A521E0272315FBB500390084 /* libAsyncCpp-macOS.a */; };
		A585E6712315FC3E00810584 /* libDataCpp-macOS.a in Frameworks */ = {isa = PBXBuildFile; fileRef = A585E6692315FC1E00810584 /* libDataCpp-macOS.a */; };
		A58B31E9230A597F00E80ECB /* json11.cpp in Sources */ = {isa = PBXBuildFile; fileRef = A58B31C0230A593C00E80ECB /* json11.cpp */; };
		A58B31EA230A59B700E80ECB /* libSoundHoleCore-macOS.a in Frameworks */ = {isa = PBXBuildFile; fileRef = A564DFB6230914680018787F /* libSoundHoleCore-macOS.a */; };
		A58B325523109A2C00E80ECB /* YoutubeProvider.hpp in Headers */ = {isa = PBXBuildFile; fileRef = A58B324E23109A2C00E80ECB /* YoutubeProvider.hpp */; };
		A58B325723109A3000E80ECB /* YoutubeProvider.cpp in Sources */ = {isa = PBXBuildFile; fileRef = A58B325623109A3000E80ECB /* YoutubeProvider.cpp */; };
		A58B32A12310B1BD00E80ECB /* AppDelegate.mm in Sources */ = {isa = PBXBuildFile; fileRef = A58B32A02310B1BD00E80ECB /* AppDelegate.mm */; };
		A58B32A42310B1BD00E80ECB /* ViewController.mm in Sources */ = {isa = PBXBuildFile; fileRef = A58B32A32310B1BD00E80ECB /* ViewController.mm */; };
		A58B32A72310B1BD00E80ECB /* Main.storyboard in Resources */ = {isa = PBXBuildFile; fileRef = A58B32A52310B1BD00E80ECB /* Main.storyboard */; };
		A58B32A92310B1BF00E80ECB /* Assets.xcassets in Resources */ = {isa = PBXBuildFile; fileRef = A58B32A82310B1BF00E80ECB /* Assets.xcassets */; };
		A58B32AC2310B1BF00E80ECB /* LaunchScreen.storyboard in Resources */ = {isa = PBXBuildFile; fileRef = A58B32AA2310B1BF00E80ECB /* LaunchScreen.storyboard */; };
		A58B32AF2310B1BF00E80ECB /* main.mm in Sources */ = {isa = PBXBuildFile; fileRef = A58B32AE2310B1BF00E80ECB /* main.mm */; };
		A58B32B42310B25E00E80ECB /* libSoundHoleCore-iOS.a in Frameworks */ = {isa = PBXBuildFile; fileRef = A58B32902310B18400E80ECB /* libSoundHoleCore-iOS.a */; };
		A58B32C52310B3B000E80ECB /* MediaProvider.cpp in Sources */ = {isa = PBXBuildFile; fileRef = A564E013230919820018787F /* MediaProvider.cpp */; };
		A58B32C62310B3B300E80ECB /* BandcampProvider.cpp in Sources */ = {isa = PBXBuildFile; fileRef = A517B82023093CC300897145 /* BandcampProvider.cpp */; };
		A58B32C72310B3B500E80ECB /* YoutubeProvider.cpp in Sources */ = {isa = PBXBuildFile; fileRef = A58B325623109A3000E80ECB /* YoutubeProvider.cpp */; };
		A58B32C82310B3B900E80ECB /* MediaItem.cpp in Sources */ = {isa = PBXBuildFile; fileRef = A517B82423093E1800897145 /* MediaItem.cpp */; };
		A5BF2A672316534A0048125B /* libmetacall-core-macOS.a in Frameworks */ = {isa = PBXBuildFile; fileRef = A570D72F23164DBF00BA7F28 /* libmetacall-core-macOS.a */; };
		A5BF2A68231653540048125B /* libmetacall-core-iOS.a in Frameworks */ = {isa = PBXBuildFile; fileRef = A570D72D23164DBF00BA7F28 /* libmetacall-core-iOS.a */; };
/* End PBXBuildFile section */

/* Begin PBXContainerItemProxy section */
		A521E0262315FBB500390084 /* PBXContainerItemProxy */ = {
			isa = PBXContainerItemProxy;
			containerPortal = A564DFFE230918B50018787F /* AsyncCpp.xcodeproj */;
			proxyType = 2;
			remoteGlobalIDString = A53E4E7B2304D166000BB7D8;
			remoteInfo = "AsyncCpp-macOS";
		};
		A521E0282315FBB500390084 /* PBXContainerItemProxy */ = {
			isa = PBXContainerItemProxy;
			containerPortal = A564DFFE230918B50018787F /* AsyncCpp.xcodeproj */;
			proxyType = 2;
			remoteGlobalIDString = A53E4E8C2304D250000BB7D8;
			remoteInfo = "AsyncCpp-iOS";
		};
		A521E02A2315FBB500390084 /* PBXContainerItemProxy */ = {
			isa = PBXContainerItemProxy;
			containerPortal = A564DFFE230918B50018787F /* AsyncCpp.xcodeproj */;
			proxyType = 2;
			remoteGlobalIDString = A53E4EA32304D2E1000BB7D8;
			remoteInfo = "AsyncCppTest-macOS";
		};
		A570D72C23164DBF00BA7F28 /* PBXContainerItemProxy */ = {
			isa = PBXContainerItemProxy;
			containerPortal = A585E68B2315FDA500810584 /* metacall-core.xcodeproj */;
			proxyType = 2;
			remoteGlobalIDString = A585E67F2315FD7500810584;
			remoteInfo = "metacall-core-iOS";
		};
		A570D72E23164DBF00BA7F28 /* PBXContainerItemProxy */ = {
			isa = PBXContainerItemProxy;
			containerPortal = A585E68B2315FDA500810584 /* metacall-core.xcodeproj */;
			proxyType = 2;
			remoteGlobalIDString = A585E6C823160E2C00810584;
			remoteInfo = "metacall-core-macOS";
		};
		A585E6682315FC1E00810584 /* PBXContainerItemProxy */ = {
			isa = PBXContainerItemProxy;
			containerPortal = A564E00A230918C00018787F /* DataCpp.xcodeproj */;
			proxyType = 2;
			remoteGlobalIDString = A53E4EB223063BFC000BB7D8;
			remoteInfo = "DataCpp-macOS";
		};
		A585E66A2315FC1E00810584 /* PBXContainerItemProxy */ = {
			isa = PBXContainerItemProxy;
			containerPortal = A564E00A230918C00018787F /* DataCpp.xcodeproj */;
			proxyType = 2;
			remoteGlobalIDString = A53E4EC22306411F000BB7D8;
			remoteInfo = "DataCppTest-macOS";
		};
		A585E66C2315FC1E00810584 /* PBXContainerItemProxy */ = {
			isa = PBXContainerItemProxy;
			containerPortal = A564E00A230918C00018787F /* DataCpp.xcodeproj */;
			proxyType = 2;
			remoteGlobalIDString = A58B32802310B0DF00E80ECB;
			remoteInfo = "DataCpp-iOS";
		};
/* End PBXContainerItemProxy section */

/* Begin PBXCopyFilesBuildPhase section */
		A564DFA8230914280018787F /* CopyFiles */ = {
			isa = PBXCopyFilesBuildPhase;
			buildActionMask = 12;
			dstPath = configurations;
			dstSubfolderSpec = 16;
			files = (
				A567C132231798E700BB5398 /* global.json in CopyFiles */,
			);
			runOnlyForDeploymentPostprocessing = 0;
		};
		A567C1542318DAEE00BB5398 /* CopyFiles */ = {
			isa = PBXCopyFilesBuildPhase;
			buildActionMask = 2147483647;
			dstPath = "";
			dstSubfolderSpec = 16;
			files = (
				A567C174231A332000BB5398 /* libfunchook.dylib in CopyFiles */,
				A567C175231A332400BB5398 /* libmetacall.dylib in CopyFiles */,
				A567C1552318DAF400BB5398 /* libnode.64.dylib in CopyFiles */,
			);
			runOnlyForDeploymentPostprocessing = 0;
		};
		A58B328E2310B18400E80ECB /* CopyFiles */ = {
			isa = PBXCopyFilesBuildPhase;
			buildActionMask = 2147483647;
			dstPath = "include/$(PRODUCT_NAME)";
			dstSubfolderSpec = 16;
			files = (
			);
			runOnlyForDeploymentPostprocessing = 0;
		};
/* End PBXCopyFilesBuildPhase section */

/* Begin PBXFileReference section */
		A517B82023093CC300897145 /* BandcampProvider.cpp */ = {isa = PBXFileReference; lastKnownFileType = sourcecode.cpp.cpp; path = BandcampProvider.cpp; sourceTree = "<group>"; };
		A517B82123093CC300897145 /* BandcampProvider.hpp */ = {isa = PBXFileReference; lastKnownFileType = sourcecode.cpp.h; path = BandcampProvider.hpp; sourceTree = "<group>"; };
		A517B82423093E1800897145 /* MediaItem.cpp */ = {isa = PBXFileReference; lastKnownFileType = sourcecode.cpp.cpp; path = MediaItem.cpp; sourceTree = "<group>"; };
		A517B82523093E1800897145 /* MediaItem.hpp */ = {isa = PBXFileReference; lastKnownFileType = sourcecode.cpp.h; path = MediaItem.hpp; sourceTree = "<group>"; };
		A5224A352315E8AC0006D213 /* Foundation.framework */ = {isa = PBXFileReference; lastKnownFileType = wrapper.framework; name = Foundation.framework; path = Platforms/iPhoneOS.platform/Developer/SDKs/iPhoneOS12.4.sdk/System/Library/Frameworks/Foundation.framework; sourceTree = DEVELOPER_DIR; };
		A5224A372315E8B30006D213 /* UIKit.framework */ = {isa = PBXFileReference; lastKnownFileType = wrapper.framework; name = UIKit.framework; path = Platforms/iPhoneOS.platform/Developer/SDKs/iPhoneOS12.4.sdk/System/Library/Frameworks/UIKit.framework; sourceTree = DEVELOPER_DIR; };
		A54325E423172CD100C4FDB3 /* build.sh */ = {isa = PBXFileReference; lastKnownFileType = text.script.sh; path = build.sh; sourceTree = "<group>"; };
		A543260D2317347100C4FDB3 /* Metacall.cpp */ = {isa = PBXFileReference; lastKnownFileType = sourcecode.cpp.cpp; path = Metacall.cpp; sourceTree = "<group>"; };
		A543260E2317347100C4FDB3 /* Metacall.hpp */ = {isa = PBXFileReference; lastKnownFileType = sourcecode.cpp.h; path = Metacall.hpp; sourceTree = "<group>"; };
		A564DFAA230914280018787F /* SoundHoleCoreTest-macOS */ = {isa = PBXFileReference; explicitFileType = "compiled.mach-o.executable"; includeInIndex = 0; path = "SoundHoleCoreTest-macOS"; sourceTree = BUILT_PRODUCTS_DIR; };
		A564DFB6230914680018787F /* libSoundHoleCore-macOS.a */ = {isa = PBXFileReference; explicitFileType = archive.ar; includeInIndex = 0; path = "libSoundHoleCore-macOS.a"; sourceTree = BUILT_PRODUCTS_DIR; };
		A564DFD5230916A00018787F /* main.cpp */ = {isa = PBXFileReference; lastKnownFileType = sourcecode.cpp.cpp; path = main.cpp; sourceTree = "<group>"; };
		A564DFFE230918B50018787F /* AsyncCpp.xcodeproj */ = {isa = PBXFileReference; lastKnownFileType = "wrapper.pb-project"; name = AsyncCpp.xcodeproj; path = "async-cpp/projects/xcode/AsyncCpp.xcodeproj"; sourceTree = "<group>"; };
		A564E00A230918C00018787F /* DataCpp.xcodeproj */ = {isa = PBXFileReference; lastKnownFileType = "wrapper.pb-project"; name = DataCpp.xcodeproj; path = "data-cpp/projects/xcode/DataCpp.xcodeproj"; sourceTree = "<group>"; };
		A564E013230919820018787F /* MediaProvider.cpp */ = {isa = PBXFileReference; lastKnownFileType = sourcecode.cpp.cpp; path = MediaProvider.cpp; sourceTree = "<group>"; };
		A564E014230919820018787F /* MediaProvider.hpp */ = {isa = PBXFileReference; lastKnownFileType = sourcecode.cpp.h; path = MediaProvider.hpp; sourceTree = "<group>"; };
		A564E01F230920F90018787F /* soundhole.hpp */ = {isa = PBXFileReference; lastKnownFileType = sourcecode.cpp.h; path = soundhole.hpp; sourceTree = "<group>"; };
		A564E0212309289C0018787F /* external.hpp */ = {isa = PBXFileReference; lastKnownFileType = sourcecode.cpp.h; path = external.hpp; sourceTree = "<group>"; };
		A567C131231798BE00BB5398 /* global.json */ = {isa = PBXFileReference; lastKnownFileType = text.json; path = global.json; sourceTree = "<group>"; };
		A567C14E2318D95000BB5398 /* libnode.64.dylib */ = {isa = PBXFileReference; lastKnownFileType = "compiled.mach-o.dylib"; name = libnode.64.dylib; path = ../../external/metacall/core/build/macosx/prefix/lib/libnode.64.dylib; sourceTree = "<group>"; };
		A567C168231A330F00BB5398 /* libmetacall.dylib */ = {isa = PBXFileReference; lastKnownFileType = "compiled.mach-o.dylib"; name = libmetacall.dylib; path = ../../external/metacall/core/build/macosx/prefix/lib/libmetacall.dylib; sourceTree = "<group>"; };
		A567C172231A331200BB5398 /* libfunchook.dylib */ = {isa = PBXFileReference; lastKnownFileType = "compiled.mach-o.dylib"; name = libfunchook.dylib; path = ../../external/metacall/core/build/macosx/prefix/lib/libfunchook.dylib; sourceTree = "<group>"; };
		A585E68B2315FDA500810584 /* metacall-core.xcodeproj */ = {isa = PBXFileReference; lastKnownFileType = "wrapper.pb-project"; name = "metacall-core.xcodeproj"; path = "metacall/projects/xcode/metacall-core.xcodeproj"; sourceTree = "<group>"; };
		A58B31BD230A593C00E80ECB /* json11.hpp */ = {isa = PBXFileReference; lastKnownFileType = sourcecode.cpp.h; path = json11.hpp; sourceTree = "<group>"; };
		A58B31C0230A593C00E80ECB /* json11.cpp */ = {isa = PBXFileReference; lastKnownFileType = sourcecode.cpp.cpp; path = json11.cpp; sourceTree = "<group>"; };
		A58B31C3230A596100E80ECB /* httplib.h */ = {isa = PBXFileReference; lastKnownFileType = sourcecode.c.h; path = httplib.h; sourceTree = "<group>"; };
		A58B324E23109A2C00E80ECB /* YoutubeProvider.hpp */ = {isa = PBXFileReference; fileEncoding = 4; lastKnownFileType = sourcecode.cpp.h; path = YoutubeProvider.hpp; sourceTree = "<group>"; };
		A58B325623109A3000E80ECB /* YoutubeProvider.cpp */ = {isa = PBXFileReference; fileEncoding = 4; lastKnownFileType = sourcecode.cpp.cpp; path = YoutubeProvider.cpp; sourceTree = "<group>"; };
		A58B32902310B18400E80ECB /* libSoundHoleCore-iOS.a */ = {isa = PBXFileReference; explicitFileType = archive.ar; includeInIndex = 0; path = "libSoundHoleCore-iOS.a"; sourceTree = BUILT_PRODUCTS_DIR; };
		A58B329D2310B1BC00E80ECB /* SoundHoleCoreTest-iOS.app */ = {isa = PBXFileReference; explicitFileType = wrapper.application; includeInIndex = 0; path = "SoundHoleCoreTest-iOS.app"; sourceTree = BUILT_PRODUCTS_DIR; };
		A58B329F2310B1BD00E80ECB /* AppDelegate.h */ = {isa = PBXFileReference; lastKnownFileType = sourcecode.c.h; path = AppDelegate.h; sourceTree = "<group>"; };
		A58B32A02310B1BD00E80ECB /* AppDelegate.mm */ = {isa = PBXFileReference; lastKnownFileType = sourcecode.cpp.objcpp; path = AppDelegate.mm; sourceTree = "<group>"; };
		A58B32A22310B1BD00E80ECB /* ViewController.h */ = {isa = PBXFileReference; lastKnownFileType = sourcecode.c.h; path = ViewController.h; sourceTree = "<group>"; };
		A58B32A32310B1BD00E80ECB /* ViewController.mm */ = {isa = PBXFileReference; lastKnownFileType = sourcecode.cpp.objcpp; path = ViewController.mm; sourceTree = "<group>"; };
		A58B32A62310B1BD00E80ECB /* Base */ = {isa = PBXFileReference; lastKnownFileType = file.storyboard; name = Base; path = Base.lproj/Main.storyboard; sourceTree = "<group>"; };
		A58B32A82310B1BF00E80ECB /* Assets.xcassets */ = {isa = PBXFileReference; lastKnownFileType = folder.assetcatalog; path = Assets.xcassets; sourceTree = "<group>"; };
		A58B32AB2310B1BF00E80ECB /* Base */ = {isa = PBXFileReference; lastKnownFileType = file.storyboard; name = Base; path = Base.lproj/LaunchScreen.storyboard; sourceTree = "<group>"; };
		A58B32AD2310B1BF00E80ECB /* Info.plist */ = {isa = PBXFileReference; lastKnownFileType = text.plist.xml; path = Info.plist; sourceTree = "<group>"; };
		A58B32AE2310B1BF00E80ECB /* main.mm */ = {isa = PBXFileReference; lastKnownFileType = sourcecode.cpp.objcpp; path = main.mm; sourceTree = "<group>"; };
		A5BF2A6F231711730048125B /* node */ = {isa = PBXFileReference; lastKnownFileType = folder; path = node; sourceTree = "<group>"; };
/* End PBXFileReference section */

/* Begin PBXFrameworksBuildPhase section */
		A564DFA7230914280018787F /* Frameworks */ = {
			isa = PBXFrameworksBuildPhase;
			buildActionMask = 2147483647;
			files = (
				A567C176231A338A00BB5398 /* libfunchook.dylib in Frameworks */,
				A567C177231A338C00BB5398 /* libmetacall.dylib in Frameworks */,
				A567C178231A338F00BB5398 /* libnode.64.dylib in Frameworks */,
				A5BF2A672316534A0048125B /* libmetacall-core-macOS.a in Frameworks */,
				A585E6702315FC3E00810584 /* libAsyncCpp-macOS.a in Frameworks */,
				A585E6712315FC3E00810584 /* libDataCpp-macOS.a in Frameworks */,
				A58B31EA230A59B700E80ECB /* libSoundHoleCore-macOS.a in Frameworks */,
			);
			runOnlyForDeploymentPostprocessing = 0;
		};
		A564DFB4230914680018787F /* Frameworks */ = {
			isa = PBXFrameworksBuildPhase;
			buildActionMask = 2147483647;
			files = (
			);
			runOnlyForDeploymentPostprocessing = 0;
		};
		A58B328D2310B18400E80ECB /* Frameworks */ = {
			isa = PBXFrameworksBuildPhase;
			buildActionMask = 2147483647;
			files = (
			);
			runOnlyForDeploymentPostprocessing = 0;
		};
		A58B329A2310B1BC00E80ECB /* Frameworks */ = {
			isa = PBXFrameworksBuildPhase;
			buildActionMask = 2147483647;
			files = (
				A5BF2A68231653540048125B /* libmetacall-core-iOS.a in Frameworks */,
				A585E66E2315FC2E00810584 /* libAsyncCpp-iOS.a in Frameworks */,
				A585E66F2315FC2E00810584 /* libDataCpp-iOS.a in Frameworks */,
				A58B32B42310B25E00E80ECB /* libSoundHoleCore-iOS.a in Frameworks */,
				A5224A382315E8B30006D213 /* UIKit.framework in Frameworks */,
				A5224A362315E8AC0006D213 /* Foundation.framework in Frameworks */,
			);
			runOnlyForDeploymentPostprocessing = 0;
		};
/* End PBXFrameworksBuildPhase section */

/* Begin PBXGroup section */
		A521E0212315FBB500390084 /* Products */ = {
			isa = PBXGroup;
			children = (
				A521E0272315FBB500390084 /* libAsyncCpp-macOS.a */,
				A521E0292315FBB500390084 /* libAsyncCpp-iOS.a */,
				A521E02B2315FBB500390084 /* AsyncCppTest-macOS */,
			);
			name = Products;
			sourceTree = "<group>";
		};
		A564DF96230913F30018787F = {
			isa = PBXGroup;
			children = (
				A567C130231798AD00BB5398 /* configurations */,
				A564DFBA230915EF0018787F /* external */,
				A564DFB1230914380018787F /* src */,
				A564DFA0230913F30018787F /* Products */,
				A564DFD02309166F0018787F /* Frameworks */,
			);
			sourceTree = "<group>";
		};
		A564DFA0230913F30018787F /* Products */ = {
			isa = PBXGroup;
			children = (
				A564DFAA230914280018787F /* SoundHoleCoreTest-macOS */,
				A564DFB6230914680018787F /* libSoundHoleCore-macOS.a */,
				A58B32902310B18400E80ECB /* libSoundHoleCore-iOS.a */,
				A58B329D2310B1BC00E80ECB /* SoundHoleCoreTest-iOS.app */,
			);
			name = Products;
			sourceTree = "<group>";
		};
		A564DFB1230914380018787F /* src */ = {
			isa = PBXGroup;
			children = (
				A564E01F230920F90018787F /* soundhole.hpp */,
				A564DFD32309167D0018787F /* soundhole */,
				A564DFD4230916870018787F /* test */,
			);
			name = src;
			path = ../../src;
			sourceTree = "<group>";
		};
		A564DFBA230915EF0018787F /* external */ = {
			isa = PBXGroup;
			children = (
				A564DFFE230918B50018787F /* AsyncCpp.xcodeproj */,
				A564E00A230918C00018787F /* DataCpp.xcodeproj */,
				A585E68B2315FDA500810584 /* metacall-core.xcodeproj */,
				A58B31C2230A596100E80ECB /* cpp-httplib */,
				A58B31B8230A593C00E80ECB /* json11 */,
			);
			name = external;
			path = ../../external;
			sourceTree = "<group>";
		};
		A564DFD02309166F0018787F /* Frameworks */ = {
			isa = PBXGroup;
			children = (
				A567C172231A331200BB5398 /* libfunchook.dylib */,
				A567C168231A330F00BB5398 /* libmetacall.dylib */,
				A567C14E2318D95000BB5398 /* libnode.64.dylib */,
				A5224A372315E8B30006D213 /* UIKit.framework */,
				A5224A352315E8AC0006D213 /* Foundation.framework */,
			);
			name = Frameworks;
			sourceTree = "<group>";
		};
		A564DFD32309167D0018787F /* soundhole */ = {
			isa = PBXGroup;
			children = (
				A564E0212309289C0018787F /* external.hpp */,
				A564DFD8230916F90018787F /* media */,
				A564DFD9230917000018787F /* providers */,
				A5BF2A6D231702590048125B /* metacall */,
			);
			path = soundhole;
			sourceTree = "<group>";
		};
		A564DFD4230916870018787F /* test */ = {
			isa = PBXGroup;
			children = (
				A58B32B32310B1E200E80ECB /* desktop */,
				A58B329E2310B1BD00E80ECB /* iOS */,
			);
			path = test;
			sourceTree = "<group>";
		};
		A564DFD8230916F90018787F /* media */ = {
			isa = PBXGroup;
			children = (
				A517B82523093E1800897145 /* MediaItem.hpp */,
				A517B82423093E1800897145 /* MediaItem.cpp */,
			);
			path = media;
			sourceTree = "<group>";
		};
		A564DFD9230917000018787F /* providers */ = {
			isa = PBXGroup;
			children = (
				A564E014230919820018787F /* MediaProvider.hpp */,
				A564E013230919820018787F /* MediaProvider.cpp */,
				A517B82123093CC300897145 /* BandcampProvider.hpp */,
				A517B82023093CC300897145 /* BandcampProvider.cpp */,
				A58B324E23109A2C00E80ECB /* YoutubeProvider.hpp */,
				A58B325623109A3000E80ECB /* YoutubeProvider.cpp */,
			);
			path = providers;
			sourceTree = "<group>";
		};
		A567C130231798AD00BB5398 /* configurations */ = {
			isa = PBXGroup;
			children = (
				A567C131231798BE00BB5398 /* global.json */,
			);
			path = configurations;
			sourceTree = "<group>";
		};
		A570D72223164DBF00BA7F28 /* Products */ = {
			isa = PBXGroup;
			children = (
				A570D72D23164DBF00BA7F28 /* libmetacall-core-iOS.a */,
				A570D72F23164DBF00BA7F28 /* libmetacall-core-macOS.a */,
			);
			name = Products;
			sourceTree = "<group>";
		};
		A585E6602315FC1E00810584 /* Products */ = {
			isa = PBXGroup;
			children = (
				A585E6692315FC1E00810584 /* libDataCpp-macOS.a */,
				A585E66B2315FC1E00810584 /* DataCppTest-macOS */,
				A585E66D2315FC1E00810584 /* libDataCpp-iOS.a */,
			);
			name = Products;
			sourceTree = "<group>";
		};
		A58B31B8230A593C00E80ECB /* json11 */ = {
			isa = PBXGroup;
			children = (
				A58B31BD230A593C00E80ECB /* json11.hpp */,
				A58B31C0230A593C00E80ECB /* json11.cpp */,
			);
			path = json11;
			sourceTree = "<group>";
		};
		A58B31C2230A596100E80ECB /* cpp-httplib */ = {
			isa = PBXGroup;
			children = (
				A58B31C3230A596100E80ECB /* httplib.h */,
			);
			path = "cpp-httplib";
			sourceTree = "<group>";
		};
		A58B329E2310B1BD00E80ECB /* iOS */ = {
			isa = PBXGroup;
			children = (
				A58B32AE2310B1BF00E80ECB /* main.mm */,
				A58B329F2310B1BD00E80ECB /* AppDelegate.h */,
				A58B32A02310B1BD00E80ECB /* AppDelegate.mm */,
				A58B32A22310B1BD00E80ECB /* ViewController.h */,
				A58B32A32310B1BD00E80ECB /* ViewController.mm */,
				A58B32A52310B1BD00E80ECB /* Main.storyboard */,
				A58B32A82310B1BF00E80ECB /* Assets.xcassets */,
				A58B32AA2310B1BF00E80ECB /* LaunchScreen.storyboard */,
				A58B32AD2310B1BF00E80ECB /* Info.plist */,
			);
			path = iOS;
			sourceTree = "<group>";
		};
		A58B32B32310B1E200E80ECB /* desktop */ = {
			isa = PBXGroup;
			children = (
				A564DFD5230916A00018787F /* main.cpp */,
			);
			path = desktop;
			sourceTree = "<group>";
		};
		A5BF2A6D231702590048125B /* metacall */ = {
			isa = PBXGroup;
			children = (
				A54325E423172CD100C4FDB3 /* build.sh */,
				A543260E2317347100C4FDB3 /* Metacall.hpp */,
				A543260D2317347100C4FDB3 /* Metacall.cpp */,
				A5BF2A6F231711730048125B /* node */,
			);
			path = metacall;
			sourceTree = "<group>";
		};
/* End PBXGroup section */

/* Begin PBXHeadersBuildPhase section */
		A564DFB2230914680018787F /* Headers */ = {
			isa = PBXHeadersBuildPhase;
			buildActionMask = 2147483647;
			files = (
				A564E016230919820018787F /* MediaProvider.hpp in Headers */,
				A54326102317347100C4FDB3 /* Metacall.hpp in Headers */,
				A58B325523109A2C00E80ECB /* YoutubeProvider.hpp in Headers */,
				A517B82323093CC300897145 /* BandcampProvider.hpp in Headers */,
				A517B82723093E1800897145 /* MediaItem.hpp in Headers */,
			);
			runOnlyForDeploymentPostprocessing = 0;
		};
/* End PBXHeadersBuildPhase section */

/* Begin PBXNativeTarget section */
		A564DFA9230914280018787F /* SoundHoleCoreTest-macOS */ = {
			isa = PBXNativeTarget;
			buildConfigurationList = A564DFAE230914280018787F /* Build configuration list for PBXNativeTarget "SoundHoleCoreTest-macOS" */;
			buildPhases = (
				A564DFA6230914280018787F /* Sources */,
				A564DFA7230914280018787F /* Frameworks */,
				A564DFA8230914280018787F /* CopyFiles */,
				A567C1542318DAEE00BB5398 /* CopyFiles */,
			);
			buildRules = (
			);
			dependencies = (
			);
			name = "SoundHoleCoreTest-macOS";
			productName = "SoundHoleCoreTest-macOS";
			productReference = A564DFAA230914280018787F /* SoundHoleCoreTest-macOS */;
			productType = "com.apple.product-type.tool";
		};
		A564DFB5230914680018787F /* SoundHoleCore-macOS */ = {
			isa = PBXNativeTarget;
			buildConfigurationList = A564DFB7230914680018787F /* Build configuration list for PBXNativeTarget "SoundHoleCore-macOS" */;
			buildPhases = (
				A54325ED23172CF700C4FDB3 /* ShellScript */,
				A564DFB2230914680018787F /* Headers */,
				A564DFB3230914680018787F /* Sources */,
				A564DFB4230914680018787F /* Frameworks */,
			);
			buildRules = (
			);
			dependencies = (
			);
			name = "SoundHoleCore-macOS";
			productName = "SoundHoleCore-macOS";
			productReference = A564DFB6230914680018787F /* libSoundHoleCore-macOS.a */;
			productType = "com.apple.product-type.library.static";
		};
		A58B328F2310B18400E80ECB /* SoundHoleCore-iOS */ = {
			isa = PBXNativeTarget;
			buildConfigurationList = A58B32962310B18400E80ECB /* Build configuration list for PBXNativeTarget "SoundHoleCore-iOS" */;
			buildPhases = (
				A58B328C2310B18400E80ECB /* Sources */,
				A58B328D2310B18400E80ECB /* Frameworks */,
				A58B328E2310B18400E80ECB /* CopyFiles */,
			);
			buildRules = (
			);
			dependencies = (
			);
			name = "SoundHoleCore-iOS";
			productName = "SoundHoleCore-iOS";
			productReference = A58B32902310B18400E80ECB /* libSoundHoleCore-iOS.a */;
			productType = "com.apple.product-type.library.static";
		};
		A58B329C2310B1BC00E80ECB /* SoundHoleCoreTest-iOS */ = {
			isa = PBXNativeTarget;
			buildConfigurationList = A58B32B02310B1BF00E80ECB /* Build configuration list for PBXNativeTarget "SoundHoleCoreTest-iOS" */;
			buildPhases = (
				A58B32992310B1BC00E80ECB /* Sources */,
				A58B329A2310B1BC00E80ECB /* Frameworks */,
				A58B329B2310B1BC00E80ECB /* Resources */,
			);
			buildRules = (
			);
			dependencies = (
			);
			name = "SoundHoleCoreTest-iOS";
			productName = "SoundHoleCoreTest-iOS";
			productReference = A58B329D2310B1BC00E80ECB /* SoundHoleCoreTest-iOS.app */;
			productType = "com.apple.product-type.application";
		};
/* End PBXNativeTarget section */

/* Begin PBXProject section */
		A564DF97230913F30018787F /* Project object */ = {
			isa = PBXProject;
			attributes = {
				LastUpgradeCheck = 1030;
				ORGANIZATIONNAME = "Luis Finke";
				TargetAttributes = {
					A564DFA9230914280018787F = {
						CreatedOnToolsVersion = 10.3;
					};
					A564DFB5230914680018787F = {
						CreatedOnToolsVersion = 10.3;
					};
					A58B328F2310B18400E80ECB = {
						CreatedOnToolsVersion = 10.3;
					};
					A58B329C2310B1BC00E80ECB = {
						CreatedOnToolsVersion = 10.3;
					};
				};
			};
			buildConfigurationList = A564DF9A230913F30018787F /* Build configuration list for PBXProject "SoundHoleCore" */;
			compatibilityVersion = "Xcode 9.3";
			developmentRegion = en;
			hasScannedForEncodings = 0;
			knownRegions = (
				en,
				Base,
			);
			mainGroup = A564DF96230913F30018787F;
			productRefGroup = A564DFA0230913F30018787F /* Products */;
			projectDirPath = "";
			projectReferences = (
				{
					ProductGroup = A521E0212315FBB500390084 /* Products */;
					ProjectRef = A564DFFE230918B50018787F /* AsyncCpp.xcodeproj */;
				},
				{
					ProductGroup = A585E6602315FC1E00810584 /* Products */;
					ProjectRef = A564E00A230918C00018787F /* DataCpp.xcodeproj */;
				},
				{
					ProductGroup = A570D72223164DBF00BA7F28 /* Products */;
					ProjectRef = A585E68B2315FDA500810584 /* metacall-core.xcodeproj */;
				},
			);
			projectRoot = "";
			targets = (
				A564DFB5230914680018787F /* SoundHoleCore-macOS */,
				A564DFA9230914280018787F /* SoundHoleCoreTest-macOS */,
				A58B328F2310B18400E80ECB /* SoundHoleCore-iOS */,
				A58B329C2310B1BC00E80ECB /* SoundHoleCoreTest-iOS */,
			);
		};
/* End PBXProject section */

/* Begin PBXReferenceProxy section */
		A521E0272315FBB500390084 /* libAsyncCpp-macOS.a */ = {
			isa = PBXReferenceProxy;
			fileType = archive.ar;
			path = "libAsyncCpp-macOS.a";
			remoteRef = A521E0262315FBB500390084 /* PBXContainerItemProxy */;
			sourceTree = BUILT_PRODUCTS_DIR;
		};
		A521E0292315FBB500390084 /* libAsyncCpp-iOS.a */ = {
			isa = PBXReferenceProxy;
			fileType = archive.ar;
			path = "libAsyncCpp-iOS.a";
			remoteRef = A521E0282315FBB500390084 /* PBXContainerItemProxy */;
			sourceTree = BUILT_PRODUCTS_DIR;
		};
		A521E02B2315FBB500390084 /* AsyncCppTest-macOS */ = {
			isa = PBXReferenceProxy;
			fileType = "compiled.mach-o.executable";
			path = "AsyncCppTest-macOS";
			remoteRef = A521E02A2315FBB500390084 /* PBXContainerItemProxy */;
			sourceTree = BUILT_PRODUCTS_DIR;
		};
		A570D72D23164DBF00BA7F28 /* libmetacall-core-iOS.a */ = {
			isa = PBXReferenceProxy;
			fileType = archive.ar;
			path = "libmetacall-core-iOS.a";
			remoteRef = A570D72C23164DBF00BA7F28 /* PBXContainerItemProxy */;
			sourceTree = BUILT_PRODUCTS_DIR;
		};
		A570D72F23164DBF00BA7F28 /* libmetacall-core-macOS.a */ = {
			isa = PBXReferenceProxy;
			fileType = archive.ar;
			path = "libmetacall-core-macOS.a";
			remoteRef = A570D72E23164DBF00BA7F28 /* PBXContainerItemProxy */;
			sourceTree = BUILT_PRODUCTS_DIR;
		};
		A585E6692315FC1E00810584 /* libDataCpp-macOS.a */ = {
			isa = PBXReferenceProxy;
			fileType = archive.ar;
			path = "libDataCpp-macOS.a";
			remoteRef = A585E6682315FC1E00810584 /* PBXContainerItemProxy */;
			sourceTree = BUILT_PRODUCTS_DIR;
		};
		A585E66B2315FC1E00810584 /* DataCppTest-macOS */ = {
			isa = PBXReferenceProxy;
			fileType = "compiled.mach-o.executable";
			path = "DataCppTest-macOS";
			remoteRef = A585E66A2315FC1E00810584 /* PBXContainerItemProxy */;
			sourceTree = BUILT_PRODUCTS_DIR;
		};
		A585E66D2315FC1E00810584 /* libDataCpp-iOS.a */ = {
			isa = PBXReferenceProxy;
			fileType = archive.ar;
			path = "libDataCpp-iOS.a";
			remoteRef = A585E66C2315FC1E00810584 /* PBXContainerItemProxy */;
			sourceTree = BUILT_PRODUCTS_DIR;
		};
/* End PBXReferenceProxy section */

/* Begin PBXResourcesBuildPhase section */
		A58B329B2310B1BC00E80ECB /* Resources */ = {
			isa = PBXResourcesBuildPhase;
			buildActionMask = 2147483647;
			files = (
				A58B32AC2310B1BF00E80ECB /* LaunchScreen.storyboard in Resources */,
				A58B32A92310B1BF00E80ECB /* Assets.xcassets in Resources */,
				A58B32A72310B1BD00E80ECB /* Main.storyboard in Resources */,
			);
			runOnlyForDeploymentPostprocessing = 0;
		};
/* End PBXResourcesBuildPhase section */

/* Begin PBXShellScriptBuildPhase section */
		A54325ED23172CF700C4FDB3 /* ShellScript */ = {
			isa = PBXShellScriptBuildPhase;
			buildActionMask = 2147483647;
			files = (
			);
			inputFileListPaths = (
			);
			inputPaths = (
			);
			outputFileListPaths = (
			);
			outputPaths = (
			);
			runOnlyForDeploymentPostprocessing = 0;
			shellPath = /bin/sh;
			shellScript = "# Type a script or drag a script file from your workspace to insert its path.\n../../src/soundhole/metacall/build.sh\n";
		};
/* End PBXShellScriptBuildPhase section */

/* Begin PBXSourcesBuildPhase section */
		A564DFA6230914280018787F /* Sources */ = {
			isa = PBXSourcesBuildPhase;
			buildActionMask = 2147483647;
			files = (
				A564DFD7230916AE0018787F /* main.cpp in Sources */,
				A58B31E9230A597F00E80ECB /* json11.cpp in Sources */,
			);
			runOnlyForDeploymentPostprocessing = 0;
		};
		A564DFB3230914680018787F /* Sources */ = {
			isa = PBXSourcesBuildPhase;
			buildActionMask = 2147483647;
			files = (
				A58B325723109A3000E80ECB /* YoutubeProvider.cpp in Sources */,
				A543260F2317347100C4FDB3 /* Metacall.cpp in Sources */,
				A517B82223093CC300897145 /* BandcampProvider.cpp in Sources */,
				A564E015230919820018787F /* MediaProvider.cpp in Sources */,
				A517B82623093E1800897145 /* MediaItem.cpp in Sources */,
			);
			runOnlyForDeploymentPostprocessing = 0;
		};
		A58B328C2310B18400E80ECB /* Sources */ = {
			isa = PBXSourcesBuildPhase;
			buildActionMask = 2147483647;
			files = (
				A58B32C62310B3B300E80ECB /* BandcampProvider.cpp in Sources */,
				A58B32C82310B3B900E80ECB /* MediaItem.cpp in Sources */,
				A58B32C52310B3B000E80ECB /* MediaProvider.cpp in Sources */,
				A58B32C72310B3B500E80ECB /* YoutubeProvider.cpp in Sources */,
			);
			runOnlyForDeploymentPostprocessing = 0;
		};
		A58B32992310B1BC00E80ECB /* Sources */ = {
			isa = PBXSourcesBuildPhase;
			buildActionMask = 2147483647;
			files = (
				A58B32A42310B1BD00E80ECB /* ViewController.mm in Sources */,
				A58B32AF2310B1BF00E80ECB /* main.mm in Sources */,
				A58B32A12310B1BD00E80ECB /* AppDelegate.mm in Sources */,
			);
			runOnlyForDeploymentPostprocessing = 0;
		};
/* End PBXSourcesBuildPhase section */

/* Begin PBXVariantGroup section */
		A58B32A52310B1BD00E80ECB /* Main.storyboard */ = {
			isa = PBXVariantGroup;
			children = (
				A58B32A62310B1BD00E80ECB /* Base */,
			);
			name = Main.storyboard;
			sourceTree = "<group>";
		};
		A58B32AA2310B1BF00E80ECB /* LaunchScreen.storyboard */ = {
			isa = PBXVariantGroup;
			children = (
				A58B32AB2310B1BF00E80ECB /* Base */,
			);
			name = LaunchScreen.storyboard;
			sourceTree = "<group>";
		};
/* End PBXVariantGroup section */

/* Begin XCBuildConfiguration section */
		A564DFA1230913F30018787F /* Debug */ = {
			isa = XCBuildConfiguration;
			buildSettings = {
				CLANG_ANALYZER_NONNULL = YES;
				CLANG_ANALYZER_NUMBER_OBJECT_CONVERSION = YES_AGGRESSIVE;
				CLANG_CXX_LANGUAGE_STANDARD = "gnu++17";
				CLANG_CXX_LIBRARY = "libc++";
				CLANG_ENABLE_MODULES = YES;
				CLANG_ENABLE_OBJC_ARC = YES;
				CLANG_ENABLE_OBJC_WEAK = YES;
				CLANG_WARN_BLOCK_CAPTURE_AUTORELEASING = YES;
				CLANG_WARN_BOOL_CONVERSION = YES;
				CLANG_WARN_COMMA = YES;
				CLANG_WARN_CONSTANT_CONVERSION = YES;
				CLANG_WARN_DEPRECATED_OBJC_IMPLEMENTATIONS = YES;
				CLANG_WARN_DIRECT_OBJC_ISA_USAGE = YES_ERROR;
				CLANG_WARN_DOCUMENTATION_COMMENTS = YES;
				CLANG_WARN_EMPTY_BODY = YES;
				CLANG_WARN_ENUM_CONVERSION = YES;
				CLANG_WARN_INFINITE_RECURSION = YES;
				CLANG_WARN_INT_CONVERSION = YES;
				CLANG_WARN_NON_LITERAL_NULL_CONVERSION = YES;
				CLANG_WARN_OBJC_IMPLICIT_RETAIN_SELF = YES;
				CLANG_WARN_OBJC_LITERAL_CONVERSION = YES;
				CLANG_WARN_OBJC_ROOT_CLASS = YES_ERROR;
				CLANG_WARN_RANGE_LOOP_ANALYSIS = YES;
				CLANG_WARN_STRICT_PROTOTYPES = YES;
				CLANG_WARN_SUSPICIOUS_MOVE = YES;
				CLANG_WARN_UNGUARDED_AVAILABILITY = YES_AGGRESSIVE;
				CLANG_WARN_UNREACHABLE_CODE = YES;
				CLANG_WARN__DUPLICATE_METHOD_MATCH = YES;
				CODE_SIGN_IDENTITY = "-";
				COPY_PHASE_STRIP = NO;
				DEBUG_INFORMATION_FORMAT = dwarf;
				ENABLE_STRICT_OBJC_MSGSEND = YES;
				ENABLE_TESTABILITY = YES;
				GCC_C_LANGUAGE_STANDARD = gnu11;
				GCC_DYNAMIC_NO_PIC = NO;
				GCC_NO_COMMON_BLOCKS = YES;
				GCC_OPTIMIZATION_LEVEL = 0;
				GCC_PREPROCESSOR_DEFINITIONS = (
					"DEBUG=1",
					"$(inherited)",
				);
				GCC_WARN_64_TO_32_BIT_CONVERSION = YES;
				GCC_WARN_ABOUT_RETURN_TYPE = YES_ERROR;
				GCC_WARN_UNDECLARED_SELECTOR = YES;
				GCC_WARN_UNINITIALIZED_AUTOS = YES_AGGRESSIVE;
				GCC_WARN_UNUSED_FUNCTION = YES;
				GCC_WARN_UNUSED_VARIABLE = YES;
				HEADER_SEARCH_PATHS = (
					"$(PROJECT_DIR)/../../src",
					"$(PROJECT_DIR)/../../external/async-cpp/src",
					"$(PROJECT_DIR)/../../external/data-cpp/src",
					"$(PROJECT_DIR)/../../external/json11",
				);
				MACOSX_DEPLOYMENT_TARGET = 10.14;
				MTL_ENABLE_DEBUG_INFO = INCLUDE_SOURCE;
				MTL_FAST_MATH = YES;
				ONLY_ACTIVE_ARCH = YES;
				SDKROOT = macosx;
			};
			name = Debug;
		};
		A564DFA2230913F30018787F /* Release */ = {
			isa = XCBuildConfiguration;
			buildSettings = {
				CLANG_ANALYZER_NONNULL = YES;
				CLANG_ANALYZER_NUMBER_OBJECT_CONVERSION = YES_AGGRESSIVE;
				CLANG_CXX_LANGUAGE_STANDARD = "gnu++17";
				CLANG_CXX_LIBRARY = "libc++";
				CLANG_ENABLE_MODULES = YES;
				CLANG_ENABLE_OBJC_ARC = YES;
				CLANG_ENABLE_OBJC_WEAK = YES;
				CLANG_WARN_BLOCK_CAPTURE_AUTORELEASING = YES;
				CLANG_WARN_BOOL_CONVERSION = YES;
				CLANG_WARN_COMMA = YES;
				CLANG_WARN_CONSTANT_CONVERSION = YES;
				CLANG_WARN_DEPRECATED_OBJC_IMPLEMENTATIONS = YES;
				CLANG_WARN_DIRECT_OBJC_ISA_USAGE = YES_ERROR;
				CLANG_WARN_DOCUMENTATION_COMMENTS = YES;
				CLANG_WARN_EMPTY_BODY = YES;
				CLANG_WARN_ENUM_CONVERSION = YES;
				CLANG_WARN_INFINITE_RECURSION = YES;
				CLANG_WARN_INT_CONVERSION = YES;
				CLANG_WARN_NON_LITERAL_NULL_CONVERSION = YES;
				CLANG_WARN_OBJC_IMPLICIT_RETAIN_SELF = YES;
				CLANG_WARN_OBJC_LITERAL_CONVERSION = YES;
				CLANG_WARN_OBJC_ROOT_CLASS = YES_ERROR;
				CLANG_WARN_RANGE_LOOP_ANALYSIS = YES;
				CLANG_WARN_STRICT_PROTOTYPES = YES;
				CLANG_WARN_SUSPICIOUS_MOVE = YES;
				CLANG_WARN_UNGUARDED_AVAILABILITY = YES_AGGRESSIVE;
				CLANG_WARN_UNREACHABLE_CODE = YES;
				CLANG_WARN__DUPLICATE_METHOD_MATCH = YES;
				CODE_SIGN_IDENTITY = "-";
				COPY_PHASE_STRIP = NO;
				DEBUG_INFORMATION_FORMAT = "dwarf-with-dsym";
				ENABLE_NS_ASSERTIONS = NO;
				ENABLE_STRICT_OBJC_MSGSEND = YES;
				GCC_C_LANGUAGE_STANDARD = gnu11;
				GCC_NO_COMMON_BLOCKS = YES;
				GCC_WARN_64_TO_32_BIT_CONVERSION = YES;
				GCC_WARN_ABOUT_RETURN_TYPE = YES_ERROR;
				GCC_WARN_UNDECLARED_SELECTOR = YES;
				GCC_WARN_UNINITIALIZED_AUTOS = YES_AGGRESSIVE;
				GCC_WARN_UNUSED_FUNCTION = YES;
				GCC_WARN_UNUSED_VARIABLE = YES;
				HEADER_SEARCH_PATHS = (
					"$(PROJECT_DIR)/../../src",
					"$(PROJECT_DIR)/../../external/async-cpp/src",
					"$(PROJECT_DIR)/../../external/data-cpp/src",
					"$(PROJECT_DIR)/../../external/json11",
				);
				MACOSX_DEPLOYMENT_TARGET = 10.14;
				MTL_ENABLE_DEBUG_INFO = NO;
				MTL_FAST_MATH = YES;
				SDKROOT = macosx;
			};
			name = Release;
		};
		A564DFAF230914280018787F /* Debug */ = {
			isa = XCBuildConfiguration;
			buildSettings = {
				CLANG_CXX_LANGUAGE_STANDARD = "gnu++17";
				CODE_SIGN_STYLE = Automatic;
				LIBRARY_SEARCH_PATHS = "$(PROJECT_DIR)/../../external/metacall/core/build/macosx/prefix/lib";
				PRODUCT_NAME = "$(TARGET_NAME)";
			};
			name = Debug;
		};
		A564DFB0230914280018787F /* Release */ = {
			isa = XCBuildConfiguration;
			buildSettings = {
				CLANG_CXX_LANGUAGE_STANDARD = "gnu++17";
				CODE_SIGN_STYLE = Automatic;
				LIBRARY_SEARCH_PATHS = "$(PROJECT_DIR)/../../external/metacall/core/build/macosx/prefix/lib";
				PRODUCT_NAME = "$(TARGET_NAME)";
			};
			name = Release;
		};
		A564DFB8230914680018787F /* Debug */ = {
			isa = XCBuildConfiguration;
			buildSettings = {
				CLANG_CXX_LANGUAGE_STANDARD = "gnu++17";
				CODE_SIGN_STYLE = Automatic;
				EXECUTABLE_PREFIX = lib;
				HEADER_SEARCH_PATHS = (
					"$(HEADER_SEARCH_PATHS)",
					"$(PROJECT_DIR)/../../external/metacall/core/build/macos/prefix/include",
					"$(PROJECT_DIR)/../../external/metacall/core/build/macosx/prefix/include",
				);
				PRODUCT_NAME = "$(TARGET_NAME)";
				SKIP_INSTALL = YES;
			};
			name = Debug;
		};
		A564DFB9230914680018787F /* Release */ = {
			isa = XCBuildConfiguration;
			buildSettings = {
				CLANG_CXX_LANGUAGE_STANDARD = "gnu++17";
				CODE_SIGN_STYLE = Automatic;
				EXECUTABLE_PREFIX = lib;
				HEADER_SEARCH_PATHS = (
					"$(HEADER_SEARCH_PATHS)",
					"$(PROJECT_DIR)/../../external/metacall/core/build/macos/prefix/include",
					"$(PROJECT_DIR)/../../external/metacall/core/build/macosx/prefix/include",
				);
				PRODUCT_NAME = "$(TARGET_NAME)";
				SKIP_INSTALL = YES;
			};
			name = Release;
		};
		A58B32972310B18400E80ECB /* Debug */ = {
			isa = XCBuildConfiguration;
			buildSettings = {
				CLANG_CXX_LANGUAGE_STANDARD = "gnu++17";
				CODE_SIGN_IDENTITY = "iPhone Developer";
				CODE_SIGN_STYLE = Automatic;
				HEADER_SEARCH_PATHS = (
					"$(HEADER_SEARCH_PATHS)",
					"$(PROJECT_DIR)/../../external/metacall/core/build/iphoneos/prefix/include",
					"$(PROJECT_DIR)/../../external/metacall/core/build/iphonesimulator/prefix/include",
				);
				IPHONEOS_DEPLOYMENT_TARGET = 12.4;
				OTHER_LDFLAGS = "-ObjC";
				PRODUCT_NAME = "$(TARGET_NAME)";
				SDKROOT = iphoneos;
				SKIP_INSTALL = YES;
				TARGETED_DEVICE_FAMILY = "1,2";
			};
			name = Debug;
		};
		A58B32982310B18400E80ECB /* Release */ = {
			isa = XCBuildConfiguration;
			buildSettings = {
				CLANG_CXX_LANGUAGE_STANDARD = "gnu++17";
				CODE_SIGN_IDENTITY = "iPhone Developer";
				CODE_SIGN_STYLE = Automatic;
				HEADER_SEARCH_PATHS = (
					"$(HEADER_SEARCH_PATHS)",
					"$(PROJECT_DIR)/../../external/metacall/core/build/iphoneos/prefix/include",
					"$(PROJECT_DIR)/../../external/metacall/core/build/iphonesimulator/prefix/include",
				);
				IPHONEOS_DEPLOYMENT_TARGET = 12.4;
				OTHER_LDFLAGS = "-ObjC";
				PRODUCT_NAME = "$(TARGET_NAME)";
				SDKROOT = iphoneos;
				SKIP_INSTALL = YES;
				TARGETED_DEVICE_FAMILY = "1,2";
				VALIDATE_PRODUCT = YES;
			};
			name = Release;
		};
		A58B32B12310B1BF00E80ECB /* Debug */ = {
			isa = XCBuildConfiguration;
			buildSettings = {
				ASSETCATALOG_COMPILER_APPICON_NAME = AppIcon;
				CLANG_CXX_LANGUAGE_STANDARD = "gnu++17";
				CODE_SIGN_IDENTITY = "iPhone Developer";
				CODE_SIGN_STYLE = Automatic;
				FRAMEWORK_SEARCH_PATHS = (
					"$(inherited)",
					"$(LOCAL_LIBRARY_DIR)/Frameworks",
				);
				INFOPLIST_FILE = "$(SRCROOT)/../../src/test/iOS/Info.plist";
				IPHONEOS_DEPLOYMENT_TARGET = 12.4;
				LD_RUNPATH_SEARCH_PATHS = (
					"$(inherited)",
					"@executable_path/Frameworks",
				);
				PRODUCT_BUNDLE_IDENTIFIER = "com.lufinkey.SoundHoleCoreTest-iOS";
				PRODUCT_NAME = "$(TARGET_NAME)";
				SDKROOT = iphoneos;
				TARGETED_DEVICE_FAMILY = "1,2";
			};
			name = Debug;
		};
		A58B32B22310B1BF00E80ECB /* Release */ = {
			isa = XCBuildConfiguration;
			buildSettings = {
				ASSETCATALOG_COMPILER_APPICON_NAME = AppIcon;
				CLANG_CXX_LANGUAGE_STANDARD = "gnu++17";
				CODE_SIGN_IDENTITY = "iPhone Developer";
				CODE_SIGN_STYLE = Automatic;
				FRAMEWORK_SEARCH_PATHS = (
					"$(inherited)",
					"$(LOCAL_LIBRARY_DIR)/Frameworks",
				);
				INFOPLIST_FILE = "$(SRCROOT)/../../src/test/iOS/Info.plist";
				IPHONEOS_DEPLOYMENT_TARGET = 12.4;
				LD_RUNPATH_SEARCH_PATHS = (
					"$(inherited)",
					"@executable_path/Frameworks",
				);
				PRODUCT_BUNDLE_IDENTIFIER = "com.lufinkey.SoundHoleCoreTest-iOS";
				PRODUCT_NAME = "$(TARGET_NAME)";
				SDKROOT = iphoneos;
				TARGETED_DEVICE_FAMILY = "1,2";
				VALIDATE_PRODUCT = YES;
			};
			name = Release;
		};
/* End XCBuildConfiguration section */

/* Begin XCConfigurationList section */
		A564DF9A230913F30018787F /* Build configuration list for PBXProject "SoundHoleCore" */ = {
			isa = XCConfigurationList;
			buildConfigurations = (
				A564DFA1230913F30018787F /* Debug */,
				A564DFA2230913F30018787F /* Release */,
			);
			defaultConfigurationIsVisible = 0;
			defaultConfigurationName = Release;
		};
		A564DFAE230914280018787F /* Build configuration list for PBXNativeTarget "SoundHoleCoreTest-macOS" */ = {
			isa = XCConfigurationList;
			buildConfigurations = (
				A564DFAF230914280018787F /* Debug */,
				A564DFB0230914280018787F /* Release */,
			);
			defaultConfigurationIsVisible = 0;
			defaultConfigurationName = Release;
		};
		A564DFB7230914680018787F /* Build configuration list for PBXNativeTarget "SoundHoleCore-macOS" */ = {
			isa = XCConfigurationList;
			buildConfigurations = (
				A564DFB8230914680018787F /* Debug */,
				A564DFB9230914680018787F /* Release */,
			);
			defaultConfigurationIsVisible = 0;
			defaultConfigurationName = Release;
		};
		A58B32962310B18400E80ECB /* Build configuration list for PBXNativeTarget "SoundHoleCore-iOS" */ = {
			isa = XCConfigurationList;
			buildConfigurations = (
				A58B32972310B18400E80ECB /* Debug */,
				A58B32982310B18400E80ECB /* Release */,
			);
			defaultConfigurationIsVisible = 0;
			defaultConfigurationName = Release;
		};
		A58B32B02310B1BF00E80ECB /* Build configuration list for PBXNativeTarget "SoundHoleCoreTest-iOS" */ = {
			isa = XCConfigurationList;
			buildConfigurations = (
				A58B32B12310B1BF00E80ECB /* Debug */,
				A58B32B22310B1BF00E80ECB /* Release */,
			);
			defaultConfigurationIsVisible = 0;
			defaultConfigurationName = Release;
		};
/* End XCConfigurationList section */
	};
	rootObject = A564DF97230913F30018787F /* Project object */;
}
