// !$*UTF8*$!
{
	archiveVersion = 1;
	classes = {
	};
	objectVersion = 50;
	objects = {

/* Begin PBXBuildFile section */
		A517B8122309367B00897145 /* libAsyncCpp-macOS.a in Frameworks */ = {isa = PBXBuildFile; fileRef = A564E005230918B50018787F /* libAsyncCpp-macOS.a */; };
		A517B8132309367B00897145 /* libDataCpp-macOS.a in Frameworks */ = {isa = PBXBuildFile; fileRef = A564E010230918C00018787F /* libDataCpp-macOS.a */; };
		A517B82223093CC300897145 /* BandcampProvider.cpp in Sources */ = {isa = PBXBuildFile; fileRef = A517B82023093CC300897145 /* BandcampProvider.cpp */; };
		A517B82323093CC300897145 /* BandcampProvider.hpp in Headers */ = {isa = PBXBuildFile; fileRef = A517B82123093CC300897145 /* BandcampProvider.hpp */; };
		A517B82623093E1800897145 /* MediaItem.cpp in Sources */ = {isa = PBXBuildFile; fileRef = A517B82423093E1800897145 /* MediaItem.cpp */; };
		A517B82723093E1800897145 /* MediaItem.hpp in Headers */ = {isa = PBXBuildFile; fileRef = A517B82523093E1800897145 /* MediaItem.hpp */; };
		A564DFD7230916AE0018787F /* main.cpp in Sources */ = {isa = PBXBuildFile; fileRef = A564DFD5230916A00018787F /* main.cpp */; };
		A564E015230919820018787F /* MediaProvider.cpp in Sources */ = {isa = PBXBuildFile; fileRef = A564E013230919820018787F /* MediaProvider.cpp */; };
		A564E016230919820018787F /* MediaProvider.hpp in Headers */ = {isa = PBXBuildFile; fileRef = A564E014230919820018787F /* MediaProvider.hpp */; };
		A58B31E9230A597F00E80ECB /* json11.cpp in Sources */ = {isa = PBXBuildFile; fileRef = A58B31C0230A593C00E80ECB /* json11.cpp */; };
		A58B31EA230A59B700E80ECB /* libSoundHoleCore-macOS.a in Frameworks */ = {isa = PBXBuildFile; fileRef = A564DFB6230914680018787F /* libSoundHoleCore-macOS.a */; };
		A58B3228230F881100E80ECB /* libCython.a in Frameworks */ = {isa = PBXBuildFile; fileRef = A58B321F230F878300E80ECB /* libCython.a */; };
/* End PBXBuildFile section */

/* Begin PBXContainerItemProxy section */
		A564E004230918B50018787F /* PBXContainerItemProxy */ = {
			isa = PBXContainerItemProxy;
			containerPortal = A564DFFE230918B50018787F /* AsyncCpp.xcodeproj */;
			proxyType = 2;
			remoteGlobalIDString = A53E4E7B2304D166000BB7D8;
			remoteInfo = "AsyncCpp-macOS";
		};
		A564E006230918B50018787F /* PBXContainerItemProxy */ = {
			isa = PBXContainerItemProxy;
			containerPortal = A564DFFE230918B50018787F /* AsyncCpp.xcodeproj */;
			proxyType = 2;
			remoteGlobalIDString = A53E4E8C2304D250000BB7D8;
			remoteInfo = "AsyncCpp-iOS";
		};
		A564E008230918B50018787F /* PBXContainerItemProxy */ = {
			isa = PBXContainerItemProxy;
			containerPortal = A564DFFE230918B50018787F /* AsyncCpp.xcodeproj */;
			proxyType = 2;
			remoteGlobalIDString = A53E4EA32304D2E1000BB7D8;
			remoteInfo = "AsyncCppTest-macOS";
		};
		A564E00F230918C00018787F /* PBXContainerItemProxy */ = {
			isa = PBXContainerItemProxy;
			containerPortal = A564E00A230918C00018787F /* DataCpp.xcodeproj */;
			proxyType = 2;
			remoteGlobalIDString = A53E4EB223063BFC000BB7D8;
			remoteInfo = "DataCpp-macOS";
		};
		A564E011230918C00018787F /* PBXContainerItemProxy */ = {
			isa = PBXContainerItemProxy;
			containerPortal = A564E00A230918C00018787F /* DataCpp.xcodeproj */;
			proxyType = 2;
			remoteGlobalIDString = A53E4EC22306411F000BB7D8;
			remoteInfo = "DataCppTest-macOS";
		};
		A58B321E230F878300E80ECB /* PBXContainerItemProxy */ = {
			isa = PBXContainerItemProxy;
			containerPortal = A58B321A230F878300E80ECB /* Cython.xcodeproj */;
			proxyType = 2;
			remoteGlobalIDString = A58B3211230F875B00E80ECB;
			remoteInfo = Cython;
		};
/* End PBXContainerItemProxy section */

/* Begin PBXCopyFilesBuildPhase section */
		A564DFA8230914280018787F /* CopyFiles */ = {
			isa = PBXCopyFilesBuildPhase;
			buildActionMask = 2147483647;
			dstPath = /usr/share/man/man1/;
			dstSubfolderSpec = 0;
			files = (
			);
			runOnlyForDeploymentPostprocessing = 1;
		};
/* End PBXCopyFilesBuildPhase section */

/* Begin PBXFileReference section */
		A517B82023093CC300897145 /* BandcampProvider.cpp */ = {isa = PBXFileReference; lastKnownFileType = sourcecode.cpp.cpp; path = BandcampProvider.cpp; sourceTree = "<group>"; };
		A517B82123093CC300897145 /* BandcampProvider.hpp */ = {isa = PBXFileReference; lastKnownFileType = sourcecode.cpp.h; path = BandcampProvider.hpp; sourceTree = "<group>"; };
		A517B82423093E1800897145 /* MediaItem.cpp */ = {isa = PBXFileReference; lastKnownFileType = sourcecode.cpp.cpp; path = MediaItem.cpp; sourceTree = "<group>"; };
		A517B82523093E1800897145 /* MediaItem.hpp */ = {isa = PBXFileReference; lastKnownFileType = sourcecode.cpp.h; path = MediaItem.hpp; sourceTree = "<group>"; };
		A564DFAA230914280018787F /* SoundHoleCoreTest-macOS */ = {isa = PBXFileReference; explicitFileType = "compiled.mach-o.executable"; includeInIndex = 0; path = "SoundHoleCoreTest-macOS"; sourceTree = BUILT_PRODUCTS_DIR; };
		A564DFB6230914680018787F /* libSoundHoleCore-macOS.a */ = {isa = PBXFileReference; explicitFileType = archive.ar; includeInIndex = 0; path = "libSoundHoleCore-macOS.a"; sourceTree = BUILT_PRODUCTS_DIR; };
		A564DFD5230916A00018787F /* main.cpp */ = {isa = PBXFileReference; lastKnownFileType = sourcecode.cpp.cpp; path = main.cpp; sourceTree = "<group>"; };
		A564DFFE230918B50018787F /* AsyncCpp.xcodeproj */ = {isa = PBXFileReference; lastKnownFileType = "wrapper.pb-project"; name = AsyncCpp.xcodeproj; path = "../../../external/async-cpp/projects/xcode/AsyncCpp.xcodeproj"; sourceTree = "<group>"; };
		A564E00A230918C00018787F /* DataCpp.xcodeproj */ = {isa = PBXFileReference; lastKnownFileType = "wrapper.pb-project"; name = DataCpp.xcodeproj; path = "../../../external/data-cpp/projects/xcode/DataCpp.xcodeproj"; sourceTree = "<group>"; };
		A564E013230919820018787F /* MediaProvider.cpp */ = {isa = PBXFileReference; lastKnownFileType = sourcecode.cpp.cpp; path = MediaProvider.cpp; sourceTree = "<group>"; };
		A564E014230919820018787F /* MediaProvider.hpp */ = {isa = PBXFileReference; lastKnownFileType = sourcecode.cpp.h; path = MediaProvider.hpp; sourceTree = "<group>"; };
		A564E01F230920F90018787F /* soundhole.hpp */ = {isa = PBXFileReference; lastKnownFileType = sourcecode.cpp.h; path = soundhole.hpp; sourceTree = "<group>"; };
		A564E0212309289C0018787F /* external.hpp */ = {isa = PBXFileReference; lastKnownFileType = sourcecode.cpp.h; path = external.hpp; sourceTree = "<group>"; };
		A58B31BD230A593C00E80ECB /* json11.hpp */ = {isa = PBXFileReference; lastKnownFileType = sourcecode.cpp.h; path = json11.hpp; sourceTree = "<group>"; };
		A58B31C0230A593C00E80ECB /* json11.cpp */ = {isa = PBXFileReference; lastKnownFileType = sourcecode.cpp.cpp; path = json11.cpp; sourceTree = "<group>"; };
		A58B31C3230A596100E80ECB /* httplib.h */ = {isa = PBXFileReference; lastKnownFileType = sourcecode.c.h; path = httplib.h; sourceTree = "<group>"; };
		A58B3202230F817A00E80ECB /* Python.framework */ = {isa = PBXFileReference; lastKnownFileType = wrapper.framework; name = Python.framework; path = System/Library/Frameworks/Python.framework; sourceTree = SDKROOT; };
		A58B321A230F878300E80ECB /* Cython.xcodeproj */ = {isa = PBXFileReference; lastKnownFileType = "wrapper.pb-project"; path = Cython.xcodeproj; sourceTree = "<group>"; };
/* End PBXFileReference section */

/* Begin PBXFrameworksBuildPhase section */
		A564DFA7230914280018787F /* Frameworks */ = {
			isa = PBXFrameworksBuildPhase;
			buildActionMask = 2147483647;
			files = (
				A58B31EA230A59B700E80ECB /* libSoundHoleCore-macOS.a in Frameworks */,
				A517B8122309367B00897145 /* libAsyncCpp-macOS.a in Frameworks */,
				A517B8132309367B00897145 /* libDataCpp-macOS.a in Frameworks */,
				A58B3228230F881100E80ECB /* libCython.a in Frameworks */,
			);
			runOnlyForDeploymentPostprocessing = 0;
		};
		A564DFB4230914680018787F /* Frameworks */ = {
			isa = PBXFrameworksBuildPhase;
			buildActionMask = 2147483647;
			files = (
			);
			runOnlyForDeploymentPostprocessing = 0;
		};
/* End PBXFrameworksBuildPhase section */

/* Begin PBXGroup section */
		A564DF96230913F30018787F = {
			isa = PBXGroup;
			children = (
				A564DFBA230915EF0018787F /* external */,
				A564DFB1230914380018787F /* src */,
				A564DFA0230913F30018787F /* Products */,
				A564DFD02309166F0018787F /* Frameworks */,
			);
			sourceTree = "<group>";
		};
		A564DFA0230913F30018787F /* Products */ = {
			isa = PBXGroup;
			children = (
				A564DFAA230914280018787F /* SoundHoleCoreTest-macOS */,
				A564DFB6230914680018787F /* libSoundHoleCore-macOS.a */,
			);
			name = Products;
			sourceTree = "<group>";
		};
		A564DFB1230914380018787F /* src */ = {
			isa = PBXGroup;
			children = (
				A564E01F230920F90018787F /* soundhole.hpp */,
				A564DFD32309167D0018787F /* soundhole */,
				A564DFD4230916870018787F /* test */,
			);
			name = src;
			path = ../../src;
			sourceTree = "<group>";
		};
		A564DFBA230915EF0018787F /* external */ = {
			isa = PBXGroup;
			children = (
				A564DFFE230918B50018787F /* AsyncCpp.xcodeproj */,
				A564E00A230918C00018787F /* DataCpp.xcodeproj */,
				A58B31C2230A596100E80ECB /* cpp-httplib */,
				A58B31B8230A593C00E80ECB /* json11 */,
				A58B31ED230F794600E80ECB /* cython */,
			);
			path = external;
			sourceTree = "<group>";
		};
		A564DFD02309166F0018787F /* Frameworks */ = {
			isa = PBXGroup;
			children = (
				A58B3202230F817A00E80ECB /* Python.framework */,
			);
			name = Frameworks;
			sourceTree = "<group>";
		};
		A564DFD32309167D0018787F /* soundhole */ = {
			isa = PBXGroup;
			children = (
				A564E0212309289C0018787F /* external.hpp */,
				A564DFD8230916F90018787F /* media */,
				A564DFD9230917000018787F /* providers */,
			);
			path = soundhole;
			sourceTree = "<group>";
		};
		A564DFD4230916870018787F /* test */ = {
			isa = PBXGroup;
			children = (
				A564DFD5230916A00018787F /* main.cpp */,
			);
			path = test;
			sourceTree = "<group>";
		};
		A564DFD8230916F90018787F /* media */ = {
			isa = PBXGroup;
			children = (
				A517B82523093E1800897145 /* MediaItem.hpp */,
				A517B82423093E1800897145 /* MediaItem.cpp */,
			);
			path = media;
			sourceTree = "<group>";
		};
		A564DFD9230917000018787F /* providers */ = {
			isa = PBXGroup;
			children = (
				A564E014230919820018787F /* MediaProvider.hpp */,
				A564E013230919820018787F /* MediaProvider.cpp */,
				A517B82123093CC300897145 /* BandcampProvider.hpp */,
				A517B82023093CC300897145 /* BandcampProvider.cpp */,
			);
			path = providers;
			sourceTree = "<group>";
		};
		A564DFFF230918B50018787F /* Products */ = {
			isa = PBXGroup;
			children = (
				A564E005230918B50018787F /* libAsyncCpp-macOS.a */,
				A564E007230918B50018787F /* libAsyncCpp-iOS.a */,
				A564E009230918B50018787F /* AsyncCppTest-macOS */,
			);
			name = Products;
			sourceTree = "<group>";
		};
		A564E00B230918C00018787F /* Products */ = {
			isa = PBXGroup;
			children = (
				A564E010230918C00018787F /* libDataCpp-macOS.a */,
				A564E012230918C00018787F /* DataCppTest-macOS */,
			);
			name = Products;
			sourceTree = "<group>";
		};
		A58B31B8230A593C00E80ECB /* json11 */ = {
			isa = PBXGroup;
			children = (
				A58B31BD230A593C00E80ECB /* json11.hpp */,
				A58B31C0230A593C00E80ECB /* json11.cpp */,
			);
			name = json11;
			path = ../../../external/json11;
			sourceTree = "<group>";
		};
		A58B31C2230A596100E80ECB /* cpp-httplib */ = {
			isa = PBXGroup;
			children = (
				A58B31C3230A596100E80ECB /* httplib.h */,
			);
			name = "cpp-httplib";
			path = "../../../external/cpp-httplib";
			sourceTree = "<group>";
		};
		A58B31ED230F794600E80ECB /* cython */ = {
			isa = PBXGroup;
			children = (
				A58B3218230F878300E80ECB /* projects */,
			);
			name = cython;
			path = ../../../external/cython;
			sourceTree = "<group>";
		};
		A58B3218230F878300E80ECB /* projects */ = {
			isa = PBXGroup;
			children = (
				A58B3219230F878300E80ECB /* xcode */,
			);
			path = projects;
			sourceTree = "<group>";
		};
		A58B3219230F878300E80ECB /* xcode */ = {
			isa = PBXGroup;
			children = (
				A58B321A230F878300E80ECB /* Cython.xcodeproj */,
			);
			path = xcode;
			sourceTree = "<group>";
		};
		A58B321B230F878300E80ECB /* Products */ = {
			isa = PBXGroup;
			children = (
				A58B321F230F878300E80ECB /* libCython.a */,
			);
			name = Products;
			sourceTree = "<group>";
		};
/* End PBXGroup section */

/* Begin PBXHeadersBuildPhase section */
		A564DFB2230914680018787F /* Headers */ = {
			isa = PBXHeadersBuildPhase;
			buildActionMask = 2147483647;
			files = (
				A564E016230919820018787F /* MediaProvider.hpp in Headers */,
				A517B82323093CC300897145 /* BandcampProvider.hpp in Headers */,
				A517B82723093E1800897145 /* MediaItem.hpp in Headers */,
			);
			runOnlyForDeploymentPostprocessing = 0;
		};
/* End PBXHeadersBuildPhase section */

/* Begin PBXNativeTarget section */
		A564DFA9230914280018787F /* SoundHoleCoreTest-macOS */ = {
			isa = PBXNativeTarget;
			buildConfigurationList = A564DFAE230914280018787F /* Build configuration list for PBXNativeTarget "SoundHoleCoreTest-macOS" */;
			buildPhases = (
				A564DFA6230914280018787F /* Sources */,
				A564DFA7230914280018787F /* Frameworks */,
				A564DFA8230914280018787F /* CopyFiles */,
			);
			buildRules = (
			);
			dependencies = (
			);
			name = "SoundHoleCoreTest-macOS";
			productName = "SoundHoleCoreTest-macOS";
			productReference = A564DFAA230914280018787F /* SoundHoleCoreTest-macOS */;
			productType = "com.apple.product-type.tool";
		};
		A564DFB5230914680018787F /* SoundHoleCore-macOS */ = {
			isa = PBXNativeTarget;
			buildConfigurationList = A564DFB7230914680018787F /* Build configuration list for PBXNativeTarget "SoundHoleCore-macOS" */;
			buildPhases = (
				A564DFB2230914680018787F /* Headers */,
				A564DFB3230914680018787F /* Sources */,
				A564DFB4230914680018787F /* Frameworks */,
			);
			buildRules = (
			);
			dependencies = (
			);
			name = "SoundHoleCore-macOS";
			productName = "SoundHoleCore-macOS";
			productReference = A564DFB6230914680018787F /* libSoundHoleCore-macOS.a */;
			productType = "com.apple.product-type.library.static";
		};
/* End PBXNativeTarget section */

/* Begin PBXProject section */
		A564DF97230913F30018787F /* Project object */ = {
			isa = PBXProject;
			attributes = {
				LastUpgradeCheck = 1030;
				ORGANIZATIONNAME = "Luis Finke";
				TargetAttributes = {
					A564DFA9230914280018787F = {
						CreatedOnToolsVersion = 10.3;
					};
					A564DFB5230914680018787F = {
						CreatedOnToolsVersion = 10.3;
					};
				};
			};
			buildConfigurationList = A564DF9A230913F30018787F /* Build configuration list for PBXProject "SoundHoleCore" */;
			compatibilityVersion = "Xcode 9.3";
			developmentRegion = en;
			hasScannedForEncodings = 0;
			knownRegions = (
				en,
			);
			mainGroup = A564DF96230913F30018787F;
			productRefGroup = A564DFA0230913F30018787F /* Products */;
			projectDirPath = "";
			projectReferences = (
				{
					ProductGroup = A564DFFF230918B50018787F /* Products */;
					ProjectRef = A564DFFE230918B50018787F /* AsyncCpp.xcodeproj */;
				},
				{
					ProductGroup = A58B321B230F878300E80ECB /* Products */;
					ProjectRef = A58B321A230F878300E80ECB /* Cython.xcodeproj */;
				},
				{
					ProductGroup = A564E00B230918C00018787F /* Products */;
					ProjectRef = A564E00A230918C00018787F /* DataCpp.xcodeproj */;
				},
			);
			projectRoot = "";
			targets = (
				A564DFB5230914680018787F /* SoundHoleCore-macOS */,
				A564DFA9230914280018787F /* SoundHoleCoreTest-macOS */,
			);
		};
/* End PBXProject section */

/* Begin PBXReferenceProxy section */
		A564E005230918B50018787F /* libAsyncCpp-macOS.a */ = {
			isa = PBXReferenceProxy;
			fileType = archive.ar;
			path = "libAsyncCpp-macOS.a";
			remoteRef = A564E004230918B50018787F /* PBXContainerItemProxy */;
			sourceTree = BUILT_PRODUCTS_DIR;
		};
		A564E007230918B50018787F /* libAsyncCpp-iOS.a */ = {
			isa = PBXReferenceProxy;
			fileType = archive.ar;
			path = "libAsyncCpp-iOS.a";
			remoteRef = A564E006230918B50018787F /* PBXContainerItemProxy */;
			sourceTree = BUILT_PRODUCTS_DIR;
		};
		A564E009230918B50018787F /* AsyncCppTest-macOS */ = {
			isa = PBXReferenceProxy;
			fileType = "compiled.mach-o.executable";
			path = "AsyncCppTest-macOS";
			remoteRef = A564E008230918B50018787F /* PBXContainerItemProxy */;
			sourceTree = BUILT_PRODUCTS_DIR;
		};
		A564E010230918C00018787F /* libDataCpp-macOS.a */ = {
			isa = PBXReferenceProxy;
			fileType = archive.ar;
			path = "libDataCpp-macOS.a";
			remoteRef = A564E00F230918C00018787F /* PBXContainerItemProxy */;
			sourceTree = BUILT_PRODUCTS_DIR;
		};
		A564E012230918C00018787F /* DataCppTest-macOS */ = {
			isa = PBXReferenceProxy;
			fileType = "compiled.mach-o.executable";
			path = "DataCppTest-macOS";
			remoteRef = A564E011230918C00018787F /* PBXContainerItemProxy */;
			sourceTree = BUILT_PRODUCTS_DIR;
		};
		A58B321F230F878300E80ECB /* libCython.a */ = {
			isa = PBXReferenceProxy;
			fileType = archive.ar;
			path = libCython.a;
			remoteRef = A58B321E230F878300E80ECB /* PBXContainerItemProxy */;
			sourceTree = BUILT_PRODUCTS_DIR;
		};
/* End PBXReferenceProxy section */

/* Begin PBXSourcesBuildPhase section */
		A564DFA6230914280018787F /* Sources */ = {
			isa = PBXSourcesBuildPhase;
			buildActionMask = 2147483647;
			files = (
				A564DFD7230916AE0018787F /* main.cpp in Sources */,
				A58B31E9230A597F00E80ECB /* json11.cpp in Sources */,
			);
			runOnlyForDeploymentPostprocessing = 0;
		};
		A564DFB3230914680018787F /* Sources */ = {
			isa = PBXSourcesBuildPhase;
			buildActionMask = 2147483647;
			files = (
				A517B82223093CC300897145 /* BandcampProvider.cpp in Sources */,
				A564E015230919820018787F /* MediaProvider.cpp in Sources */,
				A517B82623093E1800897145 /* MediaItem.cpp in Sources */,
			);
			runOnlyForDeploymentPostprocessing = 0;
		};
/* End PBXSourcesBuildPhase section */

/* Begin XCBuildConfiguration section */
		A564DFA1230913F30018787F /* Debug */ = {
			isa = XCBuildConfiguration;
			buildSettings = {
				ALWAYS_SEARCH_USER_PATHS = NO;
				CLANG_ANALYZER_NONNULL = YES;
				CLANG_ANALYZER_NUMBER_OBJECT_CONVERSION = YES_AGGRESSIVE;
				CLANG_CXX_LANGUAGE_STANDARD = "gnu++14";
				CLANG_CXX_LIBRARY = "libc++";
				CLANG_ENABLE_MODULES = YES;
				CLANG_ENABLE_OBJC_ARC = YES;
				CLANG_ENABLE_OBJC_WEAK = YES;
				CLANG_WARN_BLOCK_CAPTURE_AUTORELEASING = YES;
				CLANG_WARN_BOOL_CONVERSION = YES;
				CLANG_WARN_COMMA = YES;
				CLANG_WARN_CONSTANT_CONVERSION = YES;
				CLANG_WARN_DEPRECATED_OBJC_IMPLEMENTATIONS = YES;
				CLANG_WARN_DIRECT_OBJC_ISA_USAGE = YES_ERROR;
				CLANG_WARN_DOCUMENTATION_COMMENTS = YES;
				CLANG_WARN_EMPTY_BODY = YES;
				CLANG_WARN_ENUM_CONVERSION = YES;
				CLANG_WARN_INFINITE_RECURSION = YES;
				CLANG_WARN_INT_CONVERSION = YES;
				CLANG_WARN_NON_LITERAL_NULL_CONVERSION = YES;
				CLANG_WARN_OBJC_IMPLICIT_RETAIN_SELF = YES;
				CLANG_WARN_OBJC_LITERAL_CONVERSION = YES;
				CLANG_WARN_OBJC_ROOT_CLASS = YES_ERROR;
				CLANG_WARN_RANGE_LOOP_ANALYSIS = YES;
				CLANG_WARN_STRICT_PROTOTYPES = YES;
				CLANG_WARN_SUSPICIOUS_MOVE = YES;
				CLANG_WARN_UNGUARDED_AVAILABILITY = YES_AGGRESSIVE;
				CLANG_WARN_UNREACHABLE_CODE = YES;
				CLANG_WARN__DUPLICATE_METHOD_MATCH = YES;
				CODE_SIGN_IDENTITY = "-";
				COPY_PHASE_STRIP = NO;
				DEBUG_INFORMATION_FORMAT = dwarf;
				ENABLE_STRICT_OBJC_MSGSEND = YES;
				ENABLE_TESTABILITY = YES;
				GCC_C_LANGUAGE_STANDARD = gnu11;
				GCC_DYNAMIC_NO_PIC = NO;
				GCC_NO_COMMON_BLOCKS = YES;
				GCC_OPTIMIZATION_LEVEL = 0;
				GCC_PREPROCESSOR_DEFINITIONS = (
					"DEBUG=1",
					"$(inherited)",
				);
				GCC_WARN_64_TO_32_BIT_CONVERSION = YES;
				GCC_WARN_ABOUT_RETURN_TYPE = YES_ERROR;
				GCC_WARN_UNDECLARED_SELECTOR = YES;
				GCC_WARN_UNINITIALIZED_AUTOS = YES_AGGRESSIVE;
				GCC_WARN_UNUSED_FUNCTION = YES;
				GCC_WARN_UNUSED_VARIABLE = YES;
				MACOSX_DEPLOYMENT_TARGET = 10.14;
				MTL_ENABLE_DEBUG_INFO = INCLUDE_SOURCE;
				MTL_FAST_MATH = YES;
				ONLY_ACTIVE_ARCH = YES;
				SDKROOT = macosx;
			};
			name = Debug;
		};
		A564DFA2230913F30018787F /* Release */ = {
			isa = XCBuildConfiguration;
			buildSettings = {
				ALWAYS_SEARCH_USER_PATHS = NO;
				CLANG_ANALYZER_NONNULL = YES;
				CLANG_ANALYZER_NUMBER_OBJECT_CONVERSION = YES_AGGRESSIVE;
				CLANG_CXX_LANGUAGE_STANDARD = "gnu++14";
				CLANG_CXX_LIBRARY = "libc++";
				CLANG_ENABLE_MODULES = YES;
				CLANG_ENABLE_OBJC_ARC = YES;
				CLANG_ENABLE_OBJC_WEAK = YES;
				CLANG_WARN_BLOCK_CAPTURE_AUTORELEASING = YES;
				CLANG_WARN_BOOL_CONVERSION = YES;
				CLANG_WARN_COMMA = YES;
				CLANG_WARN_CONSTANT_CONVERSION = YES;
				CLANG_WARN_DEPRECATED_OBJC_IMPLEMENTATIONS = YES;
				CLANG_WARN_DIRECT_OBJC_ISA_USAGE = YES_ERROR;
				CLANG_WARN_DOCUMENTATION_COMMENTS = YES;
				CLANG_WARN_EMPTY_BODY = YES;
				CLANG_WARN_ENUM_CONVERSION = YES;
				CLANG_WARN_INFINITE_RECURSION = YES;
				CLANG_WARN_INT_CONVERSION = YES;
				CLANG_WARN_NON_LITERAL_NULL_CONVERSION = YES;
				CLANG_WARN_OBJC_IMPLICIT_RETAIN_SELF = YES;
				CLANG_WARN_OBJC_LITERAL_CONVERSION = YES;
				CLANG_WARN_OBJC_ROOT_CLASS = YES_ERROR;
				CLANG_WARN_RANGE_LOOP_ANALYSIS = YES;
				CLANG_WARN_STRICT_PROTOTYPES = YES;
				CLANG_WARN_SUSPICIOUS_MOVE = YES;
				CLANG_WARN_UNGUARDED_AVAILABILITY = YES_AGGRESSIVE;
				CLANG_WARN_UNREACHABLE_CODE = YES;
				CLANG_WARN__DUPLICATE_METHOD_MATCH = YES;
				CODE_SIGN_IDENTITY = "-";
				COPY_PHASE_STRIP = NO;
				DEBUG_INFORMATION_FORMAT = "dwarf-with-dsym";
				ENABLE_NS_ASSERTIONS = NO;
				ENABLE_STRICT_OBJC_MSGSEND = YES;
				GCC_C_LANGUAGE_STANDARD = gnu11;
				GCC_NO_COMMON_BLOCKS = YES;
				GCC_WARN_64_TO_32_BIT_CONVERSION = YES;
				GCC_WARN_ABOUT_RETURN_TYPE = YES_ERROR;
				GCC_WARN_UNDECLARED_SELECTOR = YES;
				GCC_WARN_UNINITIALIZED_AUTOS = YES_AGGRESSIVE;
				GCC_WARN_UNUSED_FUNCTION = YES;
				GCC_WARN_UNUSED_VARIABLE = YES;
				MACOSX_DEPLOYMENT_TARGET = 10.14;
				MTL_ENABLE_DEBUG_INFO = NO;
				MTL_FAST_MATH = YES;
				SDKROOT = macosx;
			};
			name = Release;
		};
		A564DFAF230914280018787F /* Debug */ = {
			isa = XCBuildConfiguration;
			buildSettings = {
				CLANG_CXX_LANGUAGE_STANDARD = "gnu++17";
				CODE_SIGN_STYLE = Automatic;
				HEADER_SEARCH_PATHS = (
					../../src,
					"../../external/async-cpp/src",
					"../../external/data-cpp/src",
				);
				PRODUCT_NAME = "$(TARGET_NAME)";
			};
			name = Debug;
		};
		A564DFB0230914280018787F /* Release */ = {
			isa = XCBuildConfiguration;
			buildSettings = {
				CLANG_CXX_LANGUAGE_STANDARD = "gnu++17";
				CODE_SIGN_STYLE = Automatic;
				HEADER_SEARCH_PATHS = (
					../../src,
					"../../external/async-cpp/src",
					"../../external/data-cpp/src",
				);
				PRODUCT_NAME = "$(TARGET_NAME)";
			};
			name = Release;
		};
		A564DFB8230914680018787F /* Debug */ = {
			isa = XCBuildConfiguration;
			buildSettings = {
				CLANG_CXX_LANGUAGE_STANDARD = "gnu++17";
				CODE_SIGN_STYLE = Automatic;
				EXECUTABLE_PREFIX = lib;
				HEADER_SEARCH_PATHS = (
					"$(PROJECT_DIR)/../../src",
					"$(PROJECT_DIR)/../../external/async-cpp/src",
					"$(PROJECT_DIR)/../../external/data-cpp/src",
					"$(PROJECT_DIR)/../../external/JsonCpp/include",
				);
				PRODUCT_NAME = "$(TARGET_NAME)";
				SKIP_INSTALL = YES;
			};
			name = Debug;
		};
		A564DFB9230914680018787F /* Release */ = {
			isa = XCBuildConfiguration;
			buildSettings = {
				CLANG_CXX_LANGUAGE_STANDARD = "gnu++17";
				CODE_SIGN_STYLE = Automatic;
				EXECUTABLE_PREFIX = lib;
				HEADER_SEARCH_PATHS = (
					"$(PROJECT_DIR)/../../src",
					"$(PROJECT_DIR)/../../external/async-cpp/src",
					"$(PROJECT_DIR)/../../external/data-cpp/src",
					"$(PROJECT_DIR)/../../external/JsonCpp/include",
				);
				PRODUCT_NAME = "$(TARGET_NAME)";
				SKIP_INSTALL = YES;
			};
			name = Release;
		};
/* End XCBuildConfiguration section */

/* Begin XCConfigurationList section */
		A564DF9A230913F30018787F /* Build configuration list for PBXProject "SoundHoleCore" */ = {
			isa = XCConfigurationList;
			buildConfigurations = (
				A564DFA1230913F30018787F /* Debug */,
				A564DFA2230913F30018787F /* Release */,
			);
			defaultConfigurationIsVisible = 0;
			defaultConfigurationName = Release;
		};
		A564DFAE230914280018787F /* Build configuration list for PBXNativeTarget "SoundHoleCoreTest-macOS" */ = {
			isa = XCConfigurationList;
			buildConfigurations = (
				A564DFAF230914280018787F /* Debug */,
				A564DFB0230914280018787F /* Release */,
			);
			defaultConfigurationIsVisible = 0;
			defaultConfigurationName = Release;
		};
		A564DFB7230914680018787F /* Build configuration list for PBXNativeTarget "SoundHoleCore-macOS" */ = {
			isa = XCConfigurationList;
			buildConfigurations = (
				A564DFB8230914680018787F /* Debug */,
				A564DFB9230914680018787F /* Release */,
			);
			defaultConfigurationIsVisible = 0;
			defaultConfigurationName = Release;
		};
/* End XCConfigurationList section */
	};
	rootObject = A564DF97230913F30018787F /* Project object */;
}
