PODS:
  - AsyncCpp (0.1.0):
    - DataCpp
  - DataCpp (0.1.0)
  - IOCpp (0.1.0):
    - AsyncCpp
    - DataCpp
  - NodeJSEmbed (0.1.0):
    - NodeMobile
  - NodeMobile (0.3.0)
  - sqlite3 (3.36.0):
    - sqlite3/common (= 3.36.0)
  - sqlite3/common (3.36.0)

DEPENDENCIES:
  - "AsyncCpp (from `git@github.com:lufinkey/async-cpp.git`)"
  - "DataCpp (from `git@github.com:lufinkey/data-cpp.git`)"
  - "IOCpp (from `git@github.com:lufinkey/io-cpp.git`)"
  - "NodeJSEmbed (from `git@github.com:lufinkey/nodejs-embed.git`)"
  - NodeMobile (from `https://github.com/janeasystems/nodejs-mobile.git`)
  - sqlite3

SPEC REPOS:
  trunk:
    - sqlite3

EXTERNAL SOURCES:
  AsyncCpp:
    :git: "git@github.com:lufinkey/async-cpp.git"
  DataCpp:
    :git: "git@github.com:lufinkey/data-cpp.git"
  IOCpp:
    :git: "git@github.com:lufinkey/io-cpp.git"
  NodeJSEmbed:
    :git: "git@github.com:lufinkey/nodejs-embed.git"
  NodeMobile:
    :git: https://github.com/janeasystems/nodejs-mobile.git

CHECKOUT OPTIONS:
  AsyncCpp:
    :commit: a78910382a9070b6283cfdad5899b50371acba66
    :git: "git@github.com:lufinkey/async-cpp.git"
  DataCpp:
    :commit: 4519364bab6b04015afb91b042eb271d09113352
    :git: "git@github.com:lufinkey/data-cpp.git"
  IOCpp:
    :commit: 2d7c0684dbd077190829d476865aa61a0fafd0dd
    :git: "git@github.com:lufinkey/io-cpp.git"
  NodeJSEmbed:
    :commit: 4ff9b09535962137931b655d467cab66b09dcab6
    :git: "git@github.com:lufinkey/nodejs-embed.git"
  NodeMobile:
    :commit: d4af0e6bdaf753d1f0d69db13627dcdffc90c436
    :git: https://github.com/janeasystems/nodejs-mobile.git

SPEC CHECKSUMS:
  AsyncCpp: 35f9851e7fc9e82a2b90c98b4f917fe8745ce5e5
  DataCpp: 5664e08f413ed70bddd91b0ee9a1b930bbf248ca
  IOCpp: 0a368d96b3b7acdd54febee533aa251afb0a60d3
  NodeJSEmbed: 7b14f82d08f52863c3dc76b8fb5449118de2cf0e
  NodeMobile: d6a5a252d4774c89c360f627f166b727b07b9aee
  sqlite3: 797b1b1f92baf74716a3179f69d9652ce4a5df3f

PODFILE CHECKSUM: 8681d1186736b894c8ae9510757890e6ed5bb398

COCOAPODS: 1.10.0
