PODS:
  - AsyncCpp (0.1.0):
    - DataCpp
  - DataCpp (0.1.0)
  - NodeJSEmbed (0.1.0):
    - NodeMobile
  - NodeMobile (0.1.8)

DEPENDENCIES:
  - "AsyncCpp (from `git@github.com:lufinkey/async-cpp.git`)"
  - "DataCpp (from `git@github.com:lufinkey/data-cpp.git`)"
  - "NodeJSEmbed (from `git@github.com:lufinkey/nodejs-embed.git`)"
  - NodeMobile (from `https://github.com/janeasystems/nodejs-mobile.git`)

EXTERNAL SOURCES:
  AsyncCpp:
    :git: "git@github.com:lufinkey/async-cpp.git"
  DataCpp:
    :git: "git@github.com:lufinkey/data-cpp.git"
  NodeJSEmbed:
    :git: "git@github.com:lufinkey/nodejs-embed.git"
  NodeMobile:
    :git: https://github.com/janeasystems/nodejs-mobile.git

CHECKOUT OPTIONS:
  AsyncCpp:
    :commit: 1c4b9f74947c75497b0d17c7693f4bea817e4940
    :git: "git@github.com:lufinkey/async-cpp.git"
  DataCpp:
    :commit: 8a65b4c5b12335983b55f5336ab7725ce405cd16
    :git: "git@github.com:lufinkey/data-cpp.git"
  NodeJSEmbed:
    :commit: 598bee3bd0234f001d976fb47b47eb574e5ccd68
    :git: "git@github.com:lufinkey/nodejs-embed.git"
  NodeMobile:
    :commit: d731966cf36550c68b4d7ce22765ca7fd73d0733
    :git: https://github.com/janeasystems/nodejs-mobile.git

SPEC CHECKSUMS:
  AsyncCpp: fbdd9f4c92518adab685a33dfe13c0766804c048
  DataCpp: e7befe7138f94d9745eb2987b4a4bd4e41a3b1d7
  NodeJSEmbed: ff7926e46e0ce00c856cf37e2287c34ef86fb04c
  NodeMobile: cb332628599d35759769bdb6b1501b17b5f1f287

PODFILE CHECKSUM: 7b01911d4487351e9c894dfd67960bc9b04c800d

COCOAPODS: 1.8.4
