PODS:
  - AsyncCpp (0.1.0):
    - DataCpp
  - DataCpp (0.1.0)
  - IOCpp (0.1.0):
    - AsyncCpp
    - DataCpp
  - NodeJSEmbed (0.1.0):
    - NodeMobile
  - NodeMobile (0.3.0)
  - sqlite3 (3.33.0):
    - sqlite3/common (= 3.33.0)
  - sqlite3/common (3.33.0)

DEPENDENCIES:
  - "AsyncCpp (from `git@github.com:lufinkey/async-cpp.git`)"
  - "DataCpp (from `git@github.com:lufinkey/data-cpp.git`)"
  - "IOCpp (from `git@github.com:lufinkey/io-cpp.git`)"
  - "NodeJSEmbed (from `git@github.com:lufinkey/nodejs-embed.git`)"
  - NodeMobile (from `https://github.com/janeasystems/nodejs-mobile.git`)
  - sqlite3

SPEC REPOS:
  trunk:
    - sqlite3

EXTERNAL SOURCES:
  AsyncCpp:
    :git: "git@github.com:lufinkey/async-cpp.git"
  DataCpp:
    :git: "git@github.com:lufinkey/data-cpp.git"
  IOCpp:
    :git: "git@github.com:lufinkey/io-cpp.git"
  NodeJSEmbed:
    :git: "git@github.com:lufinkey/nodejs-embed.git"
  NodeMobile:
    :git: https://github.com/janeasystems/nodejs-mobile.git

CHECKOUT OPTIONS:
  AsyncCpp:
    :commit: 30d54c392f3164ff4714a9f5e9746c6609cc1273
    :git: "git@github.com:lufinkey/async-cpp.git"
  DataCpp:
    :commit: ef4bd5aeda663c64fdd9a7da1bbe72a0ff9e2aaf
    :git: "git@github.com:lufinkey/data-cpp.git"
  IOCpp:
    :commit: e4bbc9642fd04d24740080d4e6a1c391003a5a80
    :git: "git@github.com:lufinkey/io-cpp.git"
  NodeJSEmbed:
    :commit: 9a978697ee97eba2f37af3a982bbd40443906a39
    :git: "git@github.com:lufinkey/nodejs-embed.git"
  NodeMobile:
    :commit: c8ed4167f58fd3dc35b508fa7018497a908751b5
    :git: https://github.com/janeasystems/nodejs-mobile.git

SPEC CHECKSUMS:
  AsyncCpp: ff10a2512796374946dfd19a23628d7fd0a09b6e
  DataCpp: 7e6957f3f049b1ec0992723d06f65424f81bf836
  IOCpp: 7fa7e7c7a19518fed8633bfbd020c08d3acf5283
  NodeJSEmbed: f0c7b278489e1c632581127d6837ab182c27ed92
  NodeMobile: d6a5a252d4774c89c360f627f166b727b07b9aee
  sqlite3: cd6cd1a4ee50b8b5fdad2940bd05b1c1d2659efc

PODFILE CHECKSUM: de24c097628ffb5310090929542134e9452b65c9

COCOAPODS: 1.10.0
